
Microsoft Visual Studio Solution File, Format Version 12.00
# Visual Studio Version 17
VisualStudioVersion = 17.4.33213.308
MinimumVisualStudioVersion = 10.0.40219.1
Project("{9A19103F-16F7-4668-BE54-9A1E7A4F7556}") = "Parser", "Parser.csproj", "{A7AF3428-34DE-4C6A-BE4C-9535E6F9C9F6}"
EndProject
Project("{FAE04EC0-301F-11D3-BF4B-00C04F79EFBC}") = "mathparse tester", "..\mathparse tester\mathparse tester.csproj", "{0EE5B57E-9F8C-4D66-A2CF-0687C30724F0}"
EndProject
Global
	GlobalSection(SolutionConfigurationPlatforms) = preSolution
		Debug|Any CPU = Debug|Any CPU
		Release|Any CPU = Release|Any CPU
	EndGlobalSection
	GlobalSection(ProjectConfigurationPlatforms) = postSolution
		{A7AF3428-34DE-4C6A-BE4C-9535E6F9C9F6}.Debug|Any CPU.ActiveCfg = Debug|Any CPU
		{A7AF3428-34DE-4C6A-BE4C-9535E6F9C9F6}.Debug|Any CPU.Build.0 = Debug|Any CPU
		{A7AF3428-34DE-4C6A-BE4C-9535E6F9C9F6}.Release|Any CPU.ActiveCfg = Release|Any CPU
		{A7AF3428-34DE-4C6A-BE4C-9535E6F9C9F6}.Release|Any CPU.Build.0 = Release|Any CPU
		{0EE5B57E-9F8C-4D66-A2CF-0687C30724F0}.Debug|Any CPU.ActiveCfg = Debug|Any CPU
		{0EE5B57E-9F8C-4D66-A2CF-0687C30724F0}.Debug|Any CPU.Build.0 = Debug|Any CPU
		{0EE5B57E-9F8C-4D66-A2CF-0687C30724F0}.Release|Any CPU.ActiveCfg = Release|Any CPU
		{0EE5B57E-9F8C-4D66-A2CF-0687C30724F0}.Release|Any CPU.Build.0 = Release|Any CPU
	EndGlobalSection
	GlobalSection(SolutionProperties) = preSolution
		HideSolutionNode = FALSE
	EndGlobalSection
	GlobalSection(ExtensibilityGlobals) = postSolution
		SolutionGuid = {0723919C-9CDB-49A8-8F8E-1D9218D3DE44}
	EndGlobalSection
EndGlobal
